// !$*UTF8*$!
{
	archiveVersion = 1;
	classes = {
	};
	objectVersion = 55;
	objects = {

/* Begin PBXBuildFile section */
		08F565BC217C9820C601B123 /* Pods_Medonapp_iOS.framework in Frameworks */ = {isa = PBXBuildFile; fileRef = F28C35CFE676567ACC6FCEAF /* Pods_Medonapp_iOS.framework */; };
		F8131B1428D5A09F00B7558D /* AppDelegate.swift in Sources */ = {isa = PBXBuildFile; fileRef = F8131B1328D5A09F00B7558D /* AppDelegate.swift */; };
		F8131B1628D5A09F00B7558D /* SceneDelegate.swift in Sources */ = {isa = PBXBuildFile; fileRef = F8131B1528D5A09F00B7558D /* SceneDelegate.swift */; };
		F8131B1828D5A09F00B7558D /* LandingPageView.swift in Sources */ = {isa = PBXBuildFile; fileRef = F8131B1728D5A09F00B7558D /* LandingPageView.swift */; };
		F8131B1B28D5A09F00B7558D /* Main.storyboard in Resources */ = {isa = PBXBuildFile; fileRef = F8131B1928D5A09F00B7558D /* Main.storyboard */; };
		F8131B1D28D5A0A000B7558D /* Assets.xcassets in Resources */ = {isa = PBXBuildFile; fileRef = F8131B1C28D5A0A000B7558D /* Assets.xcassets */; };
		F8131B2028D5A0A000B7558D /* LaunchScreen.storyboard in Resources */ = {isa = PBXBuildFile; fileRef = F8131B1E28D5A0A000B7558D /* LaunchScreen.storyboard */; };
		F81BAADD28F928BF0080BD21 /* BookAppointmentViewController.swift in Sources */ = {isa = PBXBuildFile; fileRef = F81BAADC28F928BF0080BD21 /* BookAppointmentViewController.swift */; };
		F81BAAE428F93BC90080BD21 /* AppointmentTimeCollectionViewCell.swift in Sources */ = {isa = PBXBuildFile; fileRef = F81BAAE228F93BC90080BD21 /* AppointmentTimeCollectionViewCell.swift */; };
		F81BAAE528F93BC90080BD21 /* AppointmentTimeCollectionViewCell.xib in Resources */ = {isa = PBXBuildFile; fileRef = F81BAAE328F93BC90080BD21 /* AppointmentTimeCollectionViewCell.xib */; };
		F81BAAE828F97DFE0080BD21 /* Lottie in Frameworks */ = {isa = PBXBuildFile; productRef = F81BAAE728F97DFE0080BD21 /* Lottie */; };
		F81BAAEA28F97E6B0080BD21 /* AppointmentStatusViewController.swift in Sources */ = {isa = PBXBuildFile; fileRef = F81BAAE928F97E6B0080BD21 /* AppointmentStatusViewController.swift */; };
		F81BAAEE28F97F720080BD21 /* checkMarkSuccess.json in Resources */ = {isa = PBXBuildFile; fileRef = F81BAAED28F97F720080BD21 /* checkMarkSuccess.json */; };
		F81BAAF128F982870080BD21 /* errorFailure.json in Resources */ = {isa = PBXBuildFile; fileRef = F81BAAF028F982870080BD21 /* errorFailure.json */; };
		F81BAAF328F9C09B0080BD21 /* AppointmentDetailsViewController.swift in Sources */ = {isa = PBXBuildFile; fileRef = F81BAAF228F9C09B0080BD21 /* AppointmentDetailsViewController.swift */; };
		F81BAAF628F9C8A20080BD21 /* PriceDisplayViewAppointmentDetails.swift in Sources */ = {isa = PBXBuildFile; fileRef = F81BAAF528F9C8A20080BD21 /* PriceDisplayViewAppointmentDetails.swift */; };
		F81BAAF828F9C8C40080BD21 /* PriceDisplayViewAppointmentDetails.xib in Resources */ = {isa = PBXBuildFile; fileRef = F81BAAF728F9C8C40080BD21 /* PriceDisplayViewAppointmentDetails.xib */; };
		F82AA0F128F4732400C7CE7F /* DoctorsScreenCarouselCollectionViewCell.swift in Sources */ = {isa = PBXBuildFile; fileRef = F82AA0EF28F4732400C7CE7F /* DoctorsScreenCarouselCollectionViewCell.swift */; };
		F82AA0F228F4732400C7CE7F /* DoctorsScreenCarouselCollectionViewCell.xib in Resources */ = {isa = PBXBuildFile; fileRef = F82AA0F028F4732400C7CE7F /* DoctorsScreenCarouselCollectionViewCell.xib */; };
		F82AA0F628F490B100C7CE7F /* DoctorInfoTableViewCell.swift in Sources */ = {isa = PBXBuildFile; fileRef = F82AA0F428F490B100C7CE7F /* DoctorInfoTableViewCell.swift */; };
		F82AA0F728F490B100C7CE7F /* DoctorInfoTableViewCell.xib in Resources */ = {isa = PBXBuildFile; fileRef = F82AA0F528F490B100C7CE7F /* DoctorInfoTableViewCell.xib */; };
		F83CBC4828D87352005BA1B8 /* LoginSignUpViewController.swift in Sources */ = {isa = PBXBuildFile; fileRef = F83CBC4728D87352005BA1B8 /* LoginSignUpViewController.swift */; };
		F83CBC4C28D88466005BA1B8 /* NunitoSans-Bold.ttf in Resources */ = {isa = PBXBuildFile; fileRef = F83CBC4A28D88466005BA1B8 /* NunitoSans-Bold.ttf */; };
		F83CBC4D28D88466005BA1B8 /* NunitoSans-ExtraBold.ttf in Resources */ = {isa = PBXBuildFile; fileRef = F83CBC4B28D88466005BA1B8 /* NunitoSans-ExtraBold.ttf */; };
		F840513228FABCB10051B636 /* iOSDropDown in Frameworks */ = {isa = PBXBuildFile; productRef = F840513128FABCB10051B636 /* iOSDropDown */; };
		F840513528FD139F0051B636 /* Doctor.swift in Sources */ = {isa = PBXBuildFile; fileRef = F840513428FD139F0051B636 /* Doctor.swift */; };
		F859AB3428EC2FA20069D247 /* UITextViewWithPlaceholder_CR8.swift in Sources */ = {isa = PBXBuildFile; fileRef = F859AB3328EC2FA10069D247 /* UITextViewWithPlaceholder_CR8.swift */; };
		F85D9C3528F2F7FE008FBDE9 /* ScheduleTabDateCollectionViewCell.swift in Sources */ = {isa = PBXBuildFile; fileRef = F85D9C3328F2F7FE008FBDE9 /* ScheduleTabDateCollectionViewCell.swift */; };
		F85D9C3628F2F7FE008FBDE9 /* ScheduleTabDateCollectionViewCell.xib in Resources */ = {isa = PBXBuildFile; fileRef = F85D9C3428F2F7FE008FBDE9 /* ScheduleTabDateCollectionViewCell.xib */; };
		F85D9C3828F33B6D008FBDE9 /* ReportTabViewController.swift in Sources */ = {isa = PBXBuildFile; fileRef = F85D9C3728F33B6D008FBDE9 /* ReportTabViewController.swift */; };
		F86A71CD28EC9C4E0083D12D /* DPOTPView in Frameworks */ = {isa = PBXBuildFile; productRef = F86A71CC28EC9C4E0083D12D /* DPOTPView */; };
		F86A71CF28EE9C970083D12D /* HomeTabViewController.swift in Sources */ = {isa = PBXBuildFile; fileRef = F86A71CE28EE9C970083D12D /* HomeTabViewController.swift */; };
		F86A71D728EEAF7B0083D12D /* NunitoSans-SemiBold.ttf in Resources */ = {isa = PBXBuildFile; fileRef = F86A71D628EEAF7B0083D12D /* NunitoSans-SemiBold.ttf */; };
		F89272BC28F157520063525E /* TabForServices_VariableColor.swift in Sources */ = {isa = PBXBuildFile; fileRef = F89272BB28F157510063525E /* TabForServices_VariableColor.swift */; };
		F89272BE28F1AC7B0063525E /* ScheduleTabViewController.swift in Sources */ = {isa = PBXBuildFile; fileRef = F89272BD28F1AC7B0063525E /* ScheduleTabViewController.swift */; };
		F89272C128F1AEA50063525E /* ScheduleTabTableViewCell.swift in Sources */ = {isa = PBXBuildFile; fileRef = F89272BF28F1AEA50063525E /* ScheduleTabTableViewCell.swift */; };
		F89272C228F1AEA50063525E /* ScheduleTabTableViewCell.xib in Resources */ = {isa = PBXBuildFile; fileRef = F89272C028F1AEA50063525E /* ScheduleTabTableViewCell.xib */; };
		F89272C428F1B0F80063525E /* NunitoSans-Regular.ttf in Resources */ = {isa = PBXBuildFile; fileRef = F89272C328F1B0F80063525E /* NunitoSans-Regular.ttf */; };
		F8A4F47828F14CE60032A87B /* SearchBarWithSearchAndFilterIcon.swift in Sources */ = {isa = PBXBuildFile; fileRef = F8A4F47728F14CE60032A87B /* SearchBarWithSearchAndFilterIcon.swift */; };
		F8AF821D28F553CA00D62D98 /* DoctorDetailsViewViewController.swift in Sources */ = {isa = PBXBuildFile; fileRef = F8AF821C28F553CA00D62D98 /* DoctorDetailsViewViewController.swift */; };
		F8AF822128F5CB4900D62D98 /* DoctorDetailsScreenTopView.swift in Sources */ = {isa = PBXBuildFile; fileRef = F8AF822028F5CB4900D62D98 /* DoctorDetailsScreenTopView.swift */; };
		F8AF822328F5CB6300D62D98 /* DoctorDetailsScreenTopView.xib in Resources */ = {isa = PBXBuildFile; fileRef = F8AF822228F5CB6300D62D98 /* DoctorDetailsScreenTopView.xib */; };
		F8B96C2628F5D557009E5198 /* GreyViewDoctorDetails.swift in Sources */ = {isa = PBXBuildFile; fileRef = F8B96C2528F5D557009E5198 /* GreyViewDoctorDetails.swift */; };
		F8B96C2828F5D55E009E5198 /* GreyViewDoctorDetails.xib in Resources */ = {isa = PBXBuildFile; fileRef = F8B96C2728F5D55E009E5198 /* GreyViewDoctorDetails.xib */; };
		F8B96C2F28F699EF009E5198 /* ProfileViewViewController.swift in Sources */ = {isa = PBXBuildFile; fileRef = F8B96C2E28F699EF009E5198 /* ProfileViewViewController.swift */; };
		F8B96C3128F6A686009E5198 /* WhiteBackgroundButtonWithIcon.swift in Sources */ = {isa = PBXBuildFile; fileRef = F8B96C3028F6A686009E5198 /* WhiteBackgroundButtonWithIcon.swift */; };
		F8BC4A3D28F420F000440406 /* ReportCellWithIconAndDescription.swift in Sources */ = {isa = PBXBuildFile; fileRef = F8BC4A3C28F420F000440406 /* ReportCellWithIconAndDescription.swift */; };
		F8BC4A3F28F4211600440406 /* ReportCellWithIconAndDescription.xib in Resources */ = {isa = PBXBuildFile; fileRef = F8BC4A3E28F4211600440406 /* ReportCellWithIconAndDescription.xib */; };
		F8BC4A4228F4588A00440406 /* DoctorsScreenViewController.swift in Sources */ = {isa = PBXBuildFile; fileRef = F8BC4A4128F4588A00440406 /* DoctorsScreenViewController.swift */; };
		F8BC4A4428F460D600440406 /* StoryboardUtils.swift in Sources */ = {isa = PBXBuildFile; fileRef = F8BC4A4328F460D600440406 /* StoryboardUtils.swift */; };
		F8BC4A4628F4614800440406 /* HomeTab.storyboard in Resources */ = {isa = PBXBuildFile; fileRef = F8BC4A4528F4614800440406 /* HomeTab.storyboard */; };
		F8C75A5D28E97EC100F5B2E2 /* UITextFieldWithPlaceholder_CR8.swift in Sources */ = {isa = PBXBuildFile; fileRef = F8C75A5C28E97EC100F5B2E2 /* UITextFieldWithPlaceholder_CR8.swift */; };
		F8C75A6028E98B7000F5B2E2 /* extensions.swift in Sources */ = {isa = PBXBuildFile; fileRef = F8C75A5F28E98B7000F5B2E2 /* extensions.swift */; };
		F8C75A6228E98BEB00F5B2E2 /* Utils.swift in Sources */ = {isa = PBXBuildFile; fileRef = F8C75A6128E98BEB00F5B2E2 /* Utils.swift */; };
		F8C75A6428EA016E00F5B2E2 /* UIButtonVariableBackgroundVariableCR.swift in Sources */ = {isa = PBXBuildFile; fileRef = F8C75A6328EA016E00F5B2E2 /* UIButtonVariableBackgroundVariableCR.swift */; };
		F8FB225C28F7CB7A003B9173 /* ContactDoctorViewController.swift in Sources */ = {isa = PBXBuildFile; fileRef = F8FB225B28F7CB7A003B9173 /* ContactDoctorViewController.swift */; };
		F8FB225E28F7D9C7003B9173 /* TabViewInContactScreen.swift in Sources */ = {isa = PBXBuildFile; fileRef = F8FB225D28F7D9C7003B9173 /* TabViewInContactScreen.swift */; };
		F8FB226028F7D9D4003B9173 /* TabViewInContactScreen.xib in Resources */ = {isa = PBXBuildFile; fileRef = F8FB225F28F7D9D4003B9173 /* TabViewInContactScreen.xib */; };
/* End PBXBuildFile section */

/* Begin PBXFileReference section */
		2D67C0FA0307CC5CE71984A1 /* Pods-Medonapp iOS.release.xcconfig */ = {isa = PBXFileReference; includeInIndex = 1; lastKnownFileType = text.xcconfig; name = "Pods-Medonapp iOS.release.xcconfig"; path = "Target Support Files/Pods-Medonapp iOS/Pods-Medonapp iOS.release.xcconfig"; sourceTree = "<group>"; };
		E47870D81D93ADDBC656900F /* Pods-Medonapp iOS.debug.xcconfig */ = {isa = PBXFileReference; includeInIndex = 1; lastKnownFileType = text.xcconfig; name = "Pods-Medonapp iOS.debug.xcconfig"; path = "Target Support Files/Pods-Medonapp iOS/Pods-Medonapp iOS.debug.xcconfig"; sourceTree = "<group>"; };
		F28C35CFE676567ACC6FCEAF /* Pods_Medonapp_iOS.framework */ = {isa = PBXFileReference; explicitFileType = wrapper.framework; includeInIndex = 0; path = Pods_Medonapp_iOS.framework; sourceTree = BUILT_PRODUCTS_DIR; };
		F8131B1028D5A09F00B7558D /* Medonapp iOS.app */ = {isa = PBXFileReference; explicitFileType = wrapper.application; includeInIndex = 0; path = "Medonapp iOS.app"; sourceTree = BUILT_PRODUCTS_DIR; };
		F8131B1328D5A09F00B7558D /* AppDelegate.swift */ = {isa = PBXFileReference; lastKnownFileType = sourcecode.swift; path = AppDelegate.swift; sourceTree = "<group>"; };
		F8131B1528D5A09F00B7558D /* SceneDelegate.swift */ = {isa = PBXFileReference; lastKnownFileType = sourcecode.swift; path = SceneDelegate.swift; sourceTree = "<group>"; };
		F8131B1728D5A09F00B7558D /* LandingPageView.swift */ = {isa = PBXFileReference; lastKnownFileType = sourcecode.swift; path = LandingPageView.swift; sourceTree = "<group>"; };
		F8131B1A28D5A09F00B7558D /* Base */ = {isa = PBXFileReference; lastKnownFileType = file.storyboard; name = Base; path = Base.lproj/Main.storyboard; sourceTree = "<group>"; };
		F8131B1C28D5A0A000B7558D /* Assets.xcassets */ = {isa = PBXFileReference; lastKnownFileType = folder.assetcatalog; path = Assets.xcassets; sourceTree = "<group>"; };
		F8131B1F28D5A0A000B7558D /* Base */ = {isa = PBXFileReference; lastKnownFileType = file.storyboard; name = Base; path = Base.lproj/LaunchScreen.storyboard; sourceTree = "<group>"; };
		F8131B2128D5A0A000B7558D /* Info.plist */ = {isa = PBXFileReference; lastKnownFileType = text.plist.xml; path = Info.plist; sourceTree = "<group>"; };
		F81BAADC28F928BF0080BD21 /* BookAppointmentViewController.swift */ = {isa = PBXFileReference; lastKnownFileType = sourcecode.swift; path = BookAppointmentViewController.swift; sourceTree = "<group>"; };
		F81BAAE228F93BC90080BD21 /* AppointmentTimeCollectionViewCell.swift */ = {isa = PBXFileReference; lastKnownFileType = sourcecode.swift; path = AppointmentTimeCollectionViewCell.swift; sourceTree = "<group>"; };
		F81BAAE328F93BC90080BD21 /* AppointmentTimeCollectionViewCell.xib */ = {isa = PBXFileReference; lastKnownFileType = file.xib; path = AppointmentTimeCollectionViewCell.xib; sourceTree = "<group>"; };
		F81BAAE928F97E6B0080BD21 /* AppointmentStatusViewController.swift */ = {isa = PBXFileReference; lastKnownFileType = sourcecode.swift; path = AppointmentStatusViewController.swift; sourceTree = "<group>"; };
		F81BAAED28F97F720080BD21 /* checkMarkSuccess.json */ = {isa = PBXFileReference; fileEncoding = 4; lastKnownFileType = text.json; path = checkMarkSuccess.json; sourceTree = "<group>"; };
		F81BAAF028F982870080BD21 /* errorFailure.json */ = {isa = PBXFileReference; fileEncoding = 4; lastKnownFileType = text.json; path = errorFailure.json; sourceTree = "<group>"; };
		F81BAAF228F9C09B0080BD21 /* AppointmentDetailsViewController.swift */ = {isa = PBXFileReference; lastKnownFileType = sourcecode.swift; path = AppointmentDetailsViewController.swift; sourceTree = "<group>"; };
		F81BAAF528F9C8A20080BD21 /* PriceDisplayViewAppointmentDetails.swift */ = {isa = PBXFileReference; lastKnownFileType = sourcecode.swift; path = PriceDisplayViewAppointmentDetails.swift; sourceTree = "<group>"; };
		F81BAAF728F9C8C40080BD21 /* PriceDisplayViewAppointmentDetails.xib */ = {isa = PBXFileReference; lastKnownFileType = file.xib; path = PriceDisplayViewAppointmentDetails.xib; sourceTree = "<group>"; };
		F82AA0EF28F4732400C7CE7F /* DoctorsScreenCarouselCollectionViewCell.swift */ = {isa = PBXFileReference; lastKnownFileType = sourcecode.swift; path = DoctorsScreenCarouselCollectionViewCell.swift; sourceTree = "<group>"; };
		F82AA0F028F4732400C7CE7F /* DoctorsScreenCarouselCollectionViewCell.xib */ = {isa = PBXFileReference; lastKnownFileType = file.xib; path = DoctorsScreenCarouselCollectionViewCell.xib; sourceTree = "<group>"; };
		F82AA0F428F490B100C7CE7F /* DoctorInfoTableViewCell.swift */ = {isa = PBXFileReference; lastKnownFileType = sourcecode.swift; path = DoctorInfoTableViewCell.swift; sourceTree = "<group>"; };
		F82AA0F528F490B100C7CE7F /* DoctorInfoTableViewCell.xib */ = {isa = PBXFileReference; lastKnownFileType = file.xib; path = DoctorInfoTableViewCell.xib; sourceTree = "<group>"; };
		F83CBC4728D87352005BA1B8 /* LoginSignUpViewController.swift */ = {isa = PBXFileReference; lastKnownFileType = sourcecode.swift; path = LoginSignUpViewController.swift; sourceTree = "<group>"; };
		F83CBC4A28D88466005BA1B8 /* NunitoSans-Bold.ttf */ = {isa = PBXFileReference; lastKnownFileType = file; path = "NunitoSans-Bold.ttf"; sourceTree = "<group>"; };
		F83CBC4B28D88466005BA1B8 /* NunitoSans-ExtraBold.ttf */ = {isa = PBXFileReference; lastKnownFileType = file; path = "NunitoSans-ExtraBold.ttf"; sourceTree = "<group>"; };
		F840513428FD139F0051B636 /* Doctor.swift */ = {isa = PBXFileReference; lastKnownFileType = sourcecode.swift; path = Doctor.swift; sourceTree = "<group>"; };
		F859AB3328EC2FA10069D247 /* UITextViewWithPlaceholder_CR8.swift */ = {isa = PBXFileReference; lastKnownFileType = sourcecode.swift; path = UITextViewWithPlaceholder_CR8.swift; sourceTree = "<group>"; };
		F85D9C3328F2F7FE008FBDE9 /* ScheduleTabDateCollectionViewCell.swift */ = {isa = PBXFileReference; lastKnownFileType = sourcecode.swift; path = ScheduleTabDateCollectionViewCell.swift; sourceTree = "<group>"; };
		F85D9C3428F2F7FE008FBDE9 /* ScheduleTabDateCollectionViewCell.xib */ = {isa = PBXFileReference; lastKnownFileType = file.xib; path = ScheduleTabDateCollectionViewCell.xib; sourceTree = "<group>"; };
		F85D9C3728F33B6D008FBDE9 /* ReportTabViewController.swift */ = {isa = PBXFileReference; lastKnownFileType = sourcecode.swift; path = ReportTabViewController.swift; sourceTree = "<group>"; };
		F86A71CE28EE9C970083D12D /* HomeTabViewController.swift */ = {isa = PBXFileReference; lastKnownFileType = sourcecode.swift; path = HomeTabViewController.swift; sourceTree = "<group>"; };
		F86A71D628EEAF7B0083D12D /* NunitoSans-SemiBold.ttf */ = {isa = PBXFileReference; lastKnownFileType = file; path = "NunitoSans-SemiBold.ttf"; sourceTree = "<group>"; };
		F89272BB28F157510063525E /* TabForServices_VariableColor.swift */ = {isa = PBXFileReference; lastKnownFileType = sourcecode.swift; path = TabForServices_VariableColor.swift; sourceTree = "<group>"; };
		F89272BD28F1AC7B0063525E /* ScheduleTabViewController.swift */ = {isa = PBXFileReference; lastKnownFileType = sourcecode.swift; path = ScheduleTabViewController.swift; sourceTree = "<group>"; };
		F89272BF28F1AEA50063525E /* ScheduleTabTableViewCell.swift */ = {isa = PBXFileReference; lastKnownFileType = sourcecode.swift; path = ScheduleTabTableViewCell.swift; sourceTree = "<group>"; };
		F89272C028F1AEA50063525E /* ScheduleTabTableViewCell.xib */ = {isa = PBXFileReference; lastKnownFileType = file.xib; path = ScheduleTabTableViewCell.xib; sourceTree = "<group>"; };
		F89272C328F1B0F80063525E /* NunitoSans-Regular.ttf */ = {isa = PBXFileReference; lastKnownFileType = file; path = "NunitoSans-Regular.ttf"; sourceTree = "<group>"; };
		F8A4F47728F14CE60032A87B /* SearchBarWithSearchAndFilterIcon.swift */ = {isa = PBXFileReference; lastKnownFileType = sourcecode.swift; path = SearchBarWithSearchAndFilterIcon.swift; sourceTree = "<group>"; };
		F8AF821C28F553CA00D62D98 /* DoctorDetailsViewViewController.swift */ = {isa = PBXFileReference; lastKnownFileType = sourcecode.swift; path = DoctorDetailsViewViewController.swift; sourceTree = "<group>"; };
		F8AF822028F5CB4900D62D98 /* DoctorDetailsScreenTopView.swift */ = {isa = PBXFileReference; lastKnownFileType = sourcecode.swift; path = DoctorDetailsScreenTopView.swift; sourceTree = "<group>"; };
		F8AF822228F5CB6300D62D98 /* DoctorDetailsScreenTopView.xib */ = {isa = PBXFileReference; lastKnownFileType = file.xib; path = DoctorDetailsScreenTopView.xib; sourceTree = "<group>"; };
		F8B96C2528F5D557009E5198 /* GreyViewDoctorDetails.swift */ = {isa = PBXFileReference; lastKnownFileType = sourcecode.swift; path = GreyViewDoctorDetails.swift; sourceTree = "<group>"; };
		F8B96C2728F5D55E009E5198 /* GreyViewDoctorDetails.xib */ = {isa = PBXFileReference; lastKnownFileType = file.xib; path = GreyViewDoctorDetails.xib; sourceTree = "<group>"; };
		F8B96C2E28F699EF009E5198 /* ProfileViewViewController.swift */ = {isa = PBXFileReference; lastKnownFileType = sourcecode.swift; path = ProfileViewViewController.swift; sourceTree = "<group>"; };
		F8B96C3028F6A686009E5198 /* WhiteBackgroundButtonWithIcon.swift */ = {isa = PBXFileReference; lastKnownFileType = sourcecode.swift; path = WhiteBackgroundButtonWithIcon.swift; sourceTree = "<group>"; };
		F8BC4A3C28F420F000440406 /* ReportCellWithIconAndDescription.swift */ = {isa = PBXFileReference; lastKnownFileType = sourcecode.swift; path = ReportCellWithIconAndDescription.swift; sourceTree = "<group>"; };
		F8BC4A3E28F4211600440406 /* ReportCellWithIconAndDescription.xib */ = {isa = PBXFileReference; lastKnownFileType = file.xib; path = ReportCellWithIconAndDescription.xib; sourceTree = "<group>"; };
		F8BC4A4128F4588A00440406 /* DoctorsScreenViewController.swift */ = {isa = PBXFileReference; lastKnownFileType = sourcecode.swift; path = DoctorsScreenViewController.swift; sourceTree = "<group>"; };
		F8BC4A4328F460D600440406 /* StoryboardUtils.swift */ = {isa = PBXFileReference; lastKnownFileType = sourcecode.swift; path = StoryboardUtils.swift; sourceTree = "<group>"; };
		F8BC4A4528F4614800440406 /* HomeTab.storyboard */ = {isa = PBXFileReference; lastKnownFileType = file.storyboard; path = HomeTab.storyboard; sourceTree = "<group>"; };
		F8C75A5C28E97EC100F5B2E2 /* UITextFieldWithPlaceholder_CR8.swift */ = {isa = PBXFileReference; lastKnownFileType = sourcecode.swift; path = UITextFieldWithPlaceholder_CR8.swift; sourceTree = "<group>"; };
		F8C75A5F28E98B7000F5B2E2 /* extensions.swift */ = {isa = PBXFileReference; lastKnownFileType = sourcecode.swift; path = extensions.swift; sourceTree = "<group>"; };
		F8C75A6128E98BEB00F5B2E2 /* Utils.swift */ = {isa = PBXFileReference; lastKnownFileType = sourcecode.swift; path = Utils.swift; sourceTree = "<group>"; };
		F8C75A6328EA016E00F5B2E2 /* UIButtonVariableBackgroundVariableCR.swift */ = {isa = PBXFileReference; lastKnownFileType = sourcecode.swift; path = UIButtonVariableBackgroundVariableCR.swift; sourceTree = "<group>"; };
		F8FB225B28F7CB7A003B9173 /* ContactDoctorViewController.swift */ = {isa = PBXFileReference; lastKnownFileType = sourcecode.swift; path = ContactDoctorViewController.swift; sourceTree = "<group>"; };
		F8FB225D28F7D9C7003B9173 /* TabViewInContactScreen.swift */ = {isa = PBXFileReference; lastKnownFileType = sourcecode.swift; path = TabViewInContactScreen.swift; sourceTree = "<group>"; };
		F8FB225F28F7D9D4003B9173 /* TabViewInContactScreen.xib */ = {isa = PBXFileReference; lastKnownFileType = file.xib; path = TabViewInContactScreen.xib; sourceTree = "<group>"; };
/* End PBXFileReference section */

/* Begin PBXFrameworksBuildPhase section */
		F8131B0D28D5A09F00B7558D /* Frameworks */ = {
			isa = PBXFrameworksBuildPhase;
			buildActionMask = 2147483647;
			files = (
				08F565BC217C9820C601B123 /* Pods_Medonapp_iOS.framework in Frameworks */,
				F86A71CD28EC9C4E0083D12D /* DPOTPView in Frameworks */,
				F81BAAE828F97DFE0080BD21 /* Lottie in Frameworks */,
				F840513228FABCB10051B636 /* iOSDropDown in Frameworks */,
			);
			runOnlyForDeploymentPostprocessing = 0;
		};
/* End PBXFrameworksBuildPhase section */

/* Begin PBXGroup section */
		715EF0606B2F25A3E1918308 /* Frameworks */ = {
			isa = PBXGroup;
			children = (
				F28C35CFE676567ACC6FCEAF /* Pods_Medonapp_iOS.framework */,
			);
			name = Frameworks;
			sourceTree = "<group>";
		};
		F8131B0728D5A09F00B7558D = {
			isa = PBXGroup;
			children = (
				F8131B1228D5A09F00B7558D /* Medonapp iOS */,
				F8131B1128D5A09F00B7558D /* Products */,
				F982A52728DAF7636875B006 /* Pods */,
				715EF0606B2F25A3E1918308 /* Frameworks */,
			);
			sourceTree = "<group>";
		};
		F8131B1128D5A09F00B7558D /* Products */ = {
			isa = PBXGroup;
			children = (
				F8131B1028D5A09F00B7558D /* Medonapp iOS.app */,
			);
			name = Products;
			sourceTree = "<group>";
		};
		F8131B1228D5A09F00B7558D /* Medonapp iOS */ = {
			isa = PBXGroup;
			children = (
				F81BAAEC28F97F5B0080BD21 /* Resources */,
				F8C75A5E28E98B6500F5B2E2 /* Utils */,
				F8131B2A28D5AAF700B7558D /* Network */,
				F8131B2928D5AACE00B7558D /* UIComponents */,
				F8131B2828D5AAC500B7558D /* ViewControllers */,
				F840513328FD13800051B636 /* Models */,
				F8131B2728D5AABE00B7558D /* Fonts */,
				F8131B1328D5A09F00B7558D /* AppDelegate.swift */,
				F8131B1528D5A09F00B7558D /* SceneDelegate.swift */,
				F8131B1728D5A09F00B7558D /* LandingPageView.swift */,
				F8131B1928D5A09F00B7558D /* Main.storyboard */,
				F8131B1C28D5A0A000B7558D /* Assets.xcassets */,
				F8131B1E28D5A0A000B7558D /* LaunchScreen.storyboard */,
				F8131B2128D5A0A000B7558D /* Info.plist */,
			);
			path = "Medonapp iOS";
			sourceTree = "<group>";
		};
		F8131B2728D5AABE00B7558D /* Fonts */ = {
			isa = PBXGroup;
			children = (
				F89272C328F1B0F80063525E /* NunitoSans-Regular.ttf */,
				F86A71D628EEAF7B0083D12D /* NunitoSans-SemiBold.ttf */,
				F83CBC4A28D88466005BA1B8 /* NunitoSans-Bold.ttf */,
				F83CBC4B28D88466005BA1B8 /* NunitoSans-ExtraBold.ttf */,
			);
			path = Fonts;
			sourceTree = "<group>";
		};
		F8131B2828D5AAC500B7558D /* ViewControllers */ = {
			isa = PBXGroup;
			children = (
				F83CBC4728D87352005BA1B8 /* LoginSignUpViewController.swift */,
				F8BC4A4028F4585700440406 /* Home Tab */,
				F89272BD28F1AC7B0063525E /* ScheduleTabViewController.swift */,
				F85D9C3728F33B6D008FBDE9 /* ReportTabViewController.swift */,
			);
			path = ViewControllers;
			sourceTree = "<group>";
		};
		F8131B2928D5AACE00B7558D /* UIComponents */ = {
			isa = PBXGroup;
			children = (
				F8C75A5C28E97EC100F5B2E2 /* UITextFieldWithPlaceholder_CR8.swift */,
				F8C75A6328EA016E00F5B2E2 /* UIButtonVariableBackgroundVariableCR.swift */,
				F859AB3328EC2FA10069D247 /* UITextViewWithPlaceholder_CR8.swift */,
				F8A4F47728F14CE60032A87B /* SearchBarWithSearchAndFilterIcon.swift */,
				F89272BB28F157510063525E /* TabForServices_VariableColor.swift */,
				F8BC4A4728F472AD00440406 /* ScheduleTab */,
				F82AA0F328F48FE600C7CE7F /* Report Tab */,
				F8AF821E28F5CAD400D62D98 /* Doctors Screen */,
				F8AF821F28F5CB0400D62D98 /* Doctor Details */,
				F81BAAF428F9C7AB0080BD21 /* Appointments */,
				F8B96C3028F6A686009E5198 /* WhiteBackgroundButtonWithIcon.swift */,
			);
			path = UIComponents;
			sourceTree = "<group>";
		};
		F8131B2A28D5AAF700B7558D /* Network */ = {
			isa = PBXGroup;
			children = (
			);
			path = Network;
			sourceTree = "<group>";
		};
		F81BAAEB28F97E760080BD21 /* Doctors Tab */ = {
			isa = PBXGroup;
			children = (
				F8BC4A4128F4588A00440406 /* DoctorsScreenViewController.swift */,
				F8AF821C28F553CA00D62D98 /* DoctorDetailsViewViewController.swift */,
				F8FB225B28F7CB7A003B9173 /* ContactDoctorViewController.swift */,
				F81BAAF228F9C09B0080BD21 /* AppointmentDetailsViewController.swift */,
				F81BAADC28F928BF0080BD21 /* BookAppointmentViewController.swift */,
				F81BAAE928F97E6B0080BD21 /* AppointmentStatusViewController.swift */,
			);
			path = "Doctors Tab";
			sourceTree = "<group>";
		};
		F81BAAEC28F97F5B0080BD21 /* Resources */ = {
			isa = PBXGroup;
			children = (
				F81BAAEF28F982790080BD21 /* Lottie Files */,
			);
			path = Resources;
			sourceTree = "<group>";
		};
		F81BAAEF28F982790080BD21 /* Lottie Files */ = {
			isa = PBXGroup;
			children = (
				F81BAAF028F982870080BD21 /* errorFailure.json */,
				F81BAAED28F97F720080BD21 /* checkMarkSuccess.json */,
			);
			path = "Lottie Files";
			sourceTree = "<group>";
		};
		F81BAAF428F9C7AB0080BD21 /* Appointments */ = {
			isa = PBXGroup;
			children = (
				F81BAAE228F93BC90080BD21 /* AppointmentTimeCollectionViewCell.swift */,
				F81BAAE328F93BC90080BD21 /* AppointmentTimeCollectionViewCell.xib */,
				F81BAAF528F9C8A20080BD21 /* PriceDisplayViewAppointmentDetails.swift */,
				F81BAAF728F9C8C40080BD21 /* PriceDisplayViewAppointmentDetails.xib */,
			);
			path = Appointments;
			sourceTree = "<group>";
		};
		F82AA0F328F48FE600C7CE7F /* Report Tab */ = {
			isa = PBXGroup;
			children = (
				F8BC4A3C28F420F000440406 /* ReportCellWithIconAndDescription.swift */,
				F8BC4A3E28F4211600440406 /* ReportCellWithIconAndDescription.xib */,
			);
			path = "Report Tab";
			sourceTree = "<group>";
		};
		F840513328FD13800051B636 /* Models */ = {
			isa = PBXGroup;
			children = (
				F840513428FD139F0051B636 /* Doctor.swift */,
			);
			path = Models;
			sourceTree = "<group>";
		};
		F8AF821E28F5CAD400D62D98 /* Doctors Screen */ = {
			isa = PBXGroup;
			children = (
				F82AA0EF28F4732400C7CE7F /* DoctorsScreenCarouselCollectionViewCell.swift */,
				F82AA0F028F4732400C7CE7F /* DoctorsScreenCarouselCollectionViewCell.xib */,
				F82AA0F428F490B100C7CE7F /* DoctorInfoTableViewCell.swift */,
				F82AA0F528F490B100C7CE7F /* DoctorInfoTableViewCell.xib */,
			);
			path = "Doctors Screen";
			sourceTree = "<group>";
		};
		F8AF821F28F5CB0400D62D98 /* Doctor Details */ = {
			isa = PBXGroup;
			children = (
				F8AF822028F5CB4900D62D98 /* DoctorDetailsScreenTopView.swift */,
				F8AF822228F5CB6300D62D98 /* DoctorDetailsScreenTopView.xib */,
				F8B96C2528F5D557009E5198 /* GreyViewDoctorDetails.swift */,
				F8B96C2728F5D55E009E5198 /* GreyViewDoctorDetails.xib */,
				F8FB225D28F7D9C7003B9173 /* TabViewInContactScreen.swift */,
				F8FB225F28F7D9D4003B9173 /* TabViewInContactScreen.xib */,
			);
			path = "Doctor Details";
			sourceTree = "<group>";
		};
		F8BC4A4028F4585700440406 /* Home Tab */ = {
			isa = PBXGroup;
			children = (
				F86A71CE28EE9C970083D12D /* HomeTabViewController.swift */,
				F8BC4A4528F4614800440406 /* HomeTab.storyboard */,
				F8B96C2E28F699EF009E5198 /* ProfileViewViewController.swift */,
				F81BAAEB28F97E760080BD21 /* Doctors Tab */,
			);
			path = "Home Tab";
			sourceTree = "<group>";
		};
		F8BC4A4728F472AD00440406 /* ScheduleTab */ = {
			isa = PBXGroup;
			children = (
				F89272BF28F1AEA50063525E /* ScheduleTabTableViewCell.swift */,
				F89272C028F1AEA50063525E /* ScheduleTabTableViewCell.xib */,
				F85D9C3328F2F7FE008FBDE9 /* ScheduleTabDateCollectionViewCell.swift */,
				F85D9C3428F2F7FE008FBDE9 /* ScheduleTabDateCollectionViewCell.xib */,
			);
			path = ScheduleTab;
			sourceTree = "<group>";
		};
		F8C75A5E28E98B6500F5B2E2 /* Utils */ = {
			isa = PBXGroup;
			children = (
				F8C75A5F28E98B7000F5B2E2 /* extensions.swift */,
				F8C75A6128E98BEB00F5B2E2 /* Utils.swift */,
				F8BC4A4328F460D600440406 /* StoryboardUtils.swift */,
			);
			path = Utils;
			sourceTree = "<group>";
		};
		F982A52728DAF7636875B006 /* Pods */ = {
			isa = PBXGroup;
			children = (
				E47870D81D93ADDBC656900F /* Pods-Medonapp iOS.debug.xcconfig */,
				2D67C0FA0307CC5CE71984A1 /* Pods-Medonapp iOS.release.xcconfig */,
			);
			path = Pods;
			sourceTree = "<group>";
		};
/* End PBXGroup section */

/* Begin PBXNativeTarget section */
		F8131B0F28D5A09F00B7558D /* Medonapp iOS */ = {
			isa = PBXNativeTarget;
			buildConfigurationList = F8131B2428D5A0A000B7558D /* Build configuration list for PBXNativeTarget "Medonapp iOS" */;
			buildPhases = (
				12DEC2BB5240995B4C181143 /* [CP] Check Pods Manifest.lock */,
				F8131B0C28D5A09F00B7558D /* Sources */,
				F8131B0D28D5A09F00B7558D /* Frameworks */,
				F8131B0E28D5A09F00B7558D /* Resources */,
				E16F361A4D9A843533F6F50F /* [CP] Embed Pods Frameworks */,
			);
			buildRules = (
			);
			dependencies = (
			);
			name = "Medonapp iOS";
			packageProductDependencies = (
				F86A71CC28EC9C4E0083D12D /* DPOTPView */,
				F81BAAE728F97DFE0080BD21 /* Lottie */,
				F840513128FABCB10051B636 /* iOSDropDown */,
			);
			productName = "Medonapp iOS";
			productReference = F8131B1028D5A09F00B7558D /* Medonapp iOS.app */;
			productType = "com.apple.product-type.application";
		};
/* End PBXNativeTarget section */

/* Begin PBXProject section */
		F8131B0828D5A09F00B7558D /* Project object */ = {
			isa = PBXProject;
			attributes = {
				BuildIndependentTargetsInParallel = 1;
				LastSwiftUpdateCheck = 1340;
				LastUpgradeCheck = 1340;
				TargetAttributes = {
					F8131B0F28D5A09F00B7558D = {
						CreatedOnToolsVersion = 13.4.1;
					};
				};
			};
			buildConfigurationList = F8131B0B28D5A09F00B7558D /* Build configuration list for PBXProject "Medonapp iOS" */;
			compatibilityVersion = "Xcode 13.0";
			developmentRegion = en;
			hasScannedForEncodings = 0;
			knownRegions = (
				en,
				Base,
			);
			mainGroup = F8131B0728D5A09F00B7558D;
			packageReferences = (
				F86A71CB28EC9C4E0083D12D /* XCRemoteSwiftPackageReference "DPOTPView" */,
				F81BAAE628F97DFE0080BD21 /* XCRemoteSwiftPackageReference "lottie-ios" */,
				F840513028FABCB10051B636 /* XCRemoteSwiftPackageReference "iOSDropDown" */,
			);
			productRefGroup = F8131B1128D5A09F00B7558D /* Products */;
			projectDirPath = "";
			projectRoot = "";
			targets = (
				F8131B0F28D5A09F00B7558D /* Medonapp iOS */,
			);
		};
/* End PBXProject section */

/* Begin PBXResourcesBuildPhase section */
		F8131B0E28D5A09F00B7558D /* Resources */ = {
			isa = PBXResourcesBuildPhase;
			buildActionMask = 2147483647;
			files = (
				F8FB226028F7D9D4003B9173 /* TabViewInContactScreen.xib in Resources */,
				F83CBC4D28D88466005BA1B8 /* NunitoSans-ExtraBold.ttf in Resources */,
				F8131B2028D5A0A000B7558D /* LaunchScreen.storyboard in Resources */,
				F81BAAE528F93BC90080BD21 /* AppointmentTimeCollectionViewCell.xib in Resources */,
				F81BAAF828F9C8C40080BD21 /* PriceDisplayViewAppointmentDetails.xib in Resources */,
				F8131B1D28D5A0A000B7558D /* Assets.xcassets in Resources */,
				F82AA0F228F4732400C7CE7F /* DoctorsScreenCarouselCollectionViewCell.xib in Resources */,
				F89272C428F1B0F80063525E /* NunitoSans-Regular.ttf in Resources */,
				F8131B1B28D5A09F00B7558D /* Main.storyboard in Resources */,
				F8BC4A4628F4614800440406 /* HomeTab.storyboard in Resources */,
				F81BAAF128F982870080BD21 /* errorFailure.json in Resources */,
				F89272C228F1AEA50063525E /* ScheduleTabTableViewCell.xib in Resources */,
				F8AF822328F5CB6300D62D98 /* DoctorDetailsScreenTopView.xib in Resources */,
				F85D9C3628F2F7FE008FBDE9 /* ScheduleTabDateCollectionViewCell.xib in Resources */,
				F83CBC4C28D88466005BA1B8 /* NunitoSans-Bold.ttf in Resources */,
				F8B96C2828F5D55E009E5198 /* GreyViewDoctorDetails.xib in Resources */,
				F82AA0F728F490B100C7CE7F /* DoctorInfoTableViewCell.xib in Resources */,
				F81BAAEE28F97F720080BD21 /* checkMarkSuccess.json in Resources */,
				F86A71D728EEAF7B0083D12D /* NunitoSans-SemiBold.ttf in Resources */,
				F8BC4A3F28F4211600440406 /* ReportCellWithIconAndDescription.xib in Resources */,
			);
			runOnlyForDeploymentPostprocessing = 0;
		};
/* End PBXResourcesBuildPhase section */

/* Begin PBXShellScriptBuildPhase section */
		12DEC2BB5240995B4C181143 /* [CP] Check Pods Manifest.lock */ = {
			isa = PBXShellScriptBuildPhase;
			buildActionMask = 2147483647;
			files = (
			);
			inputFileListPaths = (
			);
			inputPaths = (
				"${PODS_PODFILE_DIR_PATH}/Podfile.lock",
				"${PODS_ROOT}/Manifest.lock",
			);
			name = "[CP] Check Pods Manifest.lock";
			outputFileListPaths = (
			);
			outputPaths = (
				"$(DERIVED_FILE_DIR)/Pods-Medonapp iOS-checkManifestLockResult.txt",
			);
			runOnlyForDeploymentPostprocessing = 0;
			shellPath = /bin/sh;
			shellScript = "diff \"${PODS_PODFILE_DIR_PATH}/Podfile.lock\" \"${PODS_ROOT}/Manifest.lock\" > /dev/null\nif [ $? != 0 ] ; then\n    # print error to STDERR\n    echo \"error: The sandbox is not in sync with the Podfile.lock. Run 'pod install' or update your CocoaPods installation.\" >&2\n    exit 1\nfi\n# This output is used by Xcode 'outputs' to avoid re-running this script phase.\necho \"SUCCESS\" > \"${SCRIPT_OUTPUT_FILE_0}\"\n";
			showEnvVarsInLog = 0;
		};
		E16F361A4D9A843533F6F50F /* [CP] Embed Pods Frameworks */ = {
			isa = PBXShellScriptBuildPhase;
			buildActionMask = 2147483647;
			files = (
			);
			inputFileListPaths = (
				"${PODS_ROOT}/Target Support Files/Pods-Medonapp iOS/Pods-Medonapp iOS-frameworks-${CONFIGURATION}-input-files.xcfilelist",
			);
			name = "[CP] Embed Pods Frameworks";
			outputFileListPaths = (
				"${PODS_ROOT}/Target Support Files/Pods-Medonapp iOS/Pods-Medonapp iOS-frameworks-${CONFIGURATION}-output-files.xcfilelist",
			);
			runOnlyForDeploymentPostprocessing = 0;
			shellPath = /bin/sh;
			shellScript = "\"${PODS_ROOT}/Target Support Files/Pods-Medonapp iOS/Pods-Medonapp iOS-frameworks.sh\"\n";
			showEnvVarsInLog = 0;
		};
/* End PBXShellScriptBuildPhase section */

/* Begin PBXSourcesBuildPhase section */
		F8131B0C28D5A09F00B7558D /* Sources */ = {
			isa = PBXSourcesBuildPhase;
			buildActionMask = 2147483647;
			files = (
				F8B96C3128F6A686009E5198 /* WhiteBackgroundButtonWithIcon.swift in Sources */,
				F81BAAE428F93BC90080BD21 /* AppointmentTimeCollectionViewCell.swift in Sources */,
				F859AB3428EC2FA20069D247 /* UITextViewWithPlaceholder_CR8.swift in Sources */,
				F81BAAEA28F97E6B0080BD21 /* AppointmentStatusViewController.swift in Sources */,
				F8B96C2628F5D557009E5198 /* GreyViewDoctorDetails.swift in Sources */,
				F83CBC4828D87352005BA1B8 /* LoginSignUpViewController.swift in Sources */,
				F8131B1828D5A09F00B7558D /* LandingPageView.swift in Sources */,
				F8AF821D28F553CA00D62D98 /* DoctorDetailsViewViewController.swift in Sources */,
				F89272BC28F157520063525E /* TabForServices_VariableColor.swift in Sources */,
				F8FB225C28F7CB7A003B9173 /* ContactDoctorViewController.swift in Sources */,
				F8AF822128F5CB4900D62D98 /* DoctorDetailsScreenTopView.swift in Sources */,
				F8C75A5D28E97EC100F5B2E2 /* UITextFieldWithPlaceholder_CR8.swift in Sources */,
				F8C75A6228E98BEB00F5B2E2 /* Utils.swift in Sources */,
				F8131B1428D5A09F00B7558D /* AppDelegate.swift in Sources */,
				F8131B1628D5A09F00B7558D /* SceneDelegate.swift in Sources */,
				F89272C128F1AEA50063525E /* ScheduleTabTableViewCell.swift in Sources */,
				F8B96C2F28F699EF009E5198 /* ProfileViewViewController.swift in Sources */,
				F8C75A6428EA016E00F5B2E2 /* UIButtonVariableBackgroundVariableCR.swift in Sources */,
				F81BAADD28F928BF0080BD21 /* BookAppointmentViewController.swift in Sources */,
				F85D9C3828F33B6D008FBDE9 /* ReportTabViewController.swift in Sources */,
				F8BC4A4228F4588A00440406 /* DoctorsScreenViewController.swift in Sources */,
				F81BAAF328F9C09B0080BD21 /* AppointmentDetailsViewController.swift in Sources */,
				F840513528FD139F0051B636 /* Doctor.swift in Sources */,
				F8BC4A4428F460D600440406 /* StoryboardUtils.swift in Sources */,
				F85D9C3528F2F7FE008FBDE9 /* ScheduleTabDateCollectionViewCell.swift in Sources */,
				F8FB225E28F7D9C7003B9173 /* TabViewInContactScreen.swift in Sources */,
				F82AA0F628F490B100C7CE7F /* DoctorInfoTableViewCell.swift in Sources */,
				F89272BE28F1AC7B0063525E /* ScheduleTabViewController.swift in Sources */,
				F81BAAF628F9C8A20080BD21 /* PriceDisplayViewAppointmentDetails.swift in Sources */,
				F8BC4A3D28F420F000440406 /* ReportCellWithIconAndDescription.swift in Sources */,
				F8C75A6028E98B7000F5B2E2 /* extensions.swift in Sources */,
				F86A71CF28EE9C970083D12D /* HomeTabViewController.swift in Sources */,
				F8A4F47828F14CE60032A87B /* SearchBarWithSearchAndFilterIcon.swift in Sources */,
				F82AA0F128F4732400C7CE7F /* DoctorsScreenCarouselCollectionViewCell.swift in Sources */,
			);
			runOnlyForDeploymentPostprocessing = 0;
		};
/* End PBXSourcesBuildPhase section */

/* Begin PBXVariantGroup section */
		F8131B1928D5A09F00B7558D /* Main.storyboard */ = {
			isa = PBXVariantGroup;
			children = (
				F8131B1A28D5A09F00B7558D /* Base */,
			);
			name = Main.storyboard;
			sourceTree = "<group>";
		};
		F8131B1E28D5A0A000B7558D /* LaunchScreen.storyboard */ = {
			isa = PBXVariantGroup;
			children = (
				F8131B1F28D5A0A000B7558D /* Base */,
			);
			name = LaunchScreen.storyboard;
			sourceTree = "<group>";
		};
/* End PBXVariantGroup section */

/* Begin XCBuildConfiguration section */
		F8131B2228D5A0A000B7558D /* Debug */ = {
			isa = XCBuildConfiguration;
			buildSettings = {
				ALWAYS_SEARCH_USER_PATHS = NO;
				CLANG_ANALYZER_NONNULL = YES;
				CLANG_ANALYZER_NUMBER_OBJECT_CONVERSION = YES_AGGRESSIVE;
				CLANG_CXX_LANGUAGE_STANDARD = "gnu++17";
				CLANG_ENABLE_MODULES = YES;
				CLANG_ENABLE_OBJC_ARC = YES;
				CLANG_ENABLE_OBJC_WEAK = YES;
				CLANG_WARN_BLOCK_CAPTURE_AUTORELEASING = YES;
				CLANG_WARN_BOOL_CONVERSION = YES;
				CLANG_WARN_COMMA = YES;
				CLANG_WARN_CONSTANT_CONVERSION = YES;
				CLANG_WARN_DEPRECATED_OBJC_IMPLEMENTATIONS = YES;
				CLANG_WARN_DIRECT_OBJC_ISA_USAGE = YES_ERROR;
				CLANG_WARN_DOCUMENTATION_COMMENTS = YES;
				CLANG_WARN_EMPTY_BODY = YES;
				CLANG_WARN_ENUM_CONVERSION = YES;
				CLANG_WARN_INFINITE_RECURSION = YES;
				CLANG_WARN_INT_CONVERSION = YES;
				CLANG_WARN_NON_LITERAL_NULL_CONVERSION = YES;
				CLANG_WARN_OBJC_IMPLICIT_RETAIN_SELF = YES;
				CLANG_WARN_OBJC_LITERAL_CONVERSION = YES;
				CLANG_WARN_OBJC_ROOT_CLASS = YES_ERROR;
				CLANG_WARN_QUOTED_INCLUDE_IN_FRAMEWORK_HEADER = YES;
				CLANG_WARN_RANGE_LOOP_ANALYSIS = YES;
				CLANG_WARN_STRICT_PROTOTYPES = YES;
				CLANG_WARN_SUSPICIOUS_MOVE = YES;
				CLANG_WARN_UNGUARDED_AVAILABILITY = YES_AGGRESSIVE;
				CLANG_WARN_UNREACHABLE_CODE = YES;
				CLANG_WARN__DUPLICATE_METHOD_MATCH = YES;
				COPY_PHASE_STRIP = NO;
				DEBUG_INFORMATION_FORMAT = dwarf;
				ENABLE_STRICT_OBJC_MSGSEND = YES;
				ENABLE_TESTABILITY = YES;
				GCC_C_LANGUAGE_STANDARD = gnu11;
				GCC_DYNAMIC_NO_PIC = NO;
				GCC_NO_COMMON_BLOCKS = YES;
				GCC_OPTIMIZATION_LEVEL = 0;
				GCC_PREPROCESSOR_DEFINITIONS = (
					"DEBUG=1",
					"$(inherited)",
				);
				GCC_WARN_64_TO_32_BIT_CONVERSION = YES;
				GCC_WARN_ABOUT_RETURN_TYPE = YES_ERROR;
				GCC_WARN_UNDECLARED_SELECTOR = YES;
				GCC_WARN_UNINITIALIZED_AUTOS = YES_AGGRESSIVE;
				GCC_WARN_UNUSED_FUNCTION = YES;
				GCC_WARN_UNUSED_VARIABLE = YES;
				IPHONEOS_DEPLOYMENT_TARGET = 15.5;
				MTL_ENABLE_DEBUG_INFO = INCLUDE_SOURCE;
				MTL_FAST_MATH = YES;
				ONLY_ACTIVE_ARCH = YES;
				SDKROOT = iphoneos;
				SWIFT_ACTIVE_COMPILATION_CONDITIONS = DEBUG;
				SWIFT_OPTIMIZATION_LEVEL = "-Onone";
			};
			name = Debug;
		};
		F8131B2328D5A0A000B7558D /* Release */ = {
			isa = XCBuildConfiguration;
			buildSettings = {
				ALWAYS_SEARCH_USER_PATHS = NO;
				CLANG_ANALYZER_NONNULL = YES;
				CLANG_ANALYZER_NUMBER_OBJECT_CONVERSION = YES_AGGRESSIVE;
				CLANG_CXX_LANGUAGE_STANDARD = "gnu++17";
				CLANG_ENABLE_MODULES = YES;
				CLANG_ENABLE_OBJC_ARC = YES;
				CLANG_ENABLE_OBJC_WEAK = YES;
				CLANG_WARN_BLOCK_CAPTURE_AUTORELEASING = YES;
				CLANG_WARN_BOOL_CONVERSION = YES;
				CLANG_WARN_COMMA = YES;
				CLANG_WARN_CONSTANT_CONVERSION = YES;
				CLANG_WARN_DEPRECATED_OBJC_IMPLEMENTATIONS = YES;
				CLANG_WARN_DIRECT_OBJC_ISA_USAGE = YES_ERROR;
				CLANG_WARN_DOCUMENTATION_COMMENTS = YES;
				CLANG_WARN_EMPTY_BODY = YES;
				CLANG_WARN_ENUM_CONVERSION = YES;
				CLANG_WARN_INFINITE_RECURSION = YES;
				CLANG_WARN_INT_CONVERSION = YES;
				CLANG_WARN_NON_LITERAL_NULL_CONVERSION = YES;
				CLANG_WARN_OBJC_IMPLICIT_RETAIN_SELF = YES;
				CLANG_WARN_OBJC_LITERAL_CONVERSION = YES;
				CLANG_WARN_OBJC_ROOT_CLASS = YES_ERROR;
				CLANG_WARN_QUOTED_INCLUDE_IN_FRAMEWORK_HEADER = YES;
				CLANG_WARN_RANGE_LOOP_ANALYSIS = YES;
				CLANG_WARN_STRICT_PROTOTYPES = YES;
				CLANG_WARN_SUSPICIOUS_MOVE = YES;
				CLANG_WARN_UNGUARDED_AVAILABILITY = YES_AGGRESSIVE;
				CLANG_WARN_UNREACHABLE_CODE = YES;
				CLANG_WARN__DUPLICATE_METHOD_MATCH = YES;
				COPY_PHASE_STRIP = NO;
				DEBUG_INFORMATION_FORMAT = "dwarf-with-dsym";
				ENABLE_NS_ASSERTIONS = NO;
				ENABLE_STRICT_OBJC_MSGSEND = YES;
				GCC_C_LANGUAGE_STANDARD = gnu11;
				GCC_NO_COMMON_BLOCKS = YES;
				GCC_WARN_64_TO_32_BIT_CONVERSION = YES;
				GCC_WARN_ABOUT_RETURN_TYPE = YES_ERROR;
				GCC_WARN_UNDECLARED_SELECTOR = YES;
				GCC_WARN_UNINITIALIZED_AUTOS = YES_AGGRESSIVE;
				GCC_WARN_UNUSED_FUNCTION = YES;
				GCC_WARN_UNUSED_VARIABLE = YES;
				IPHONEOS_DEPLOYMENT_TARGET = 15.5;
				MTL_ENABLE_DEBUG_INFO = NO;
				MTL_FAST_MATH = YES;
				SDKROOT = iphoneos;
				SWIFT_COMPILATION_MODE = wholemodule;
				SWIFT_OPTIMIZATION_LEVEL = "-O";
				VALIDATE_PRODUCT = YES;
			};
			name = Release;
		};
		F8131B2528D5A0A000B7558D /* Debug */ = {
			isa = XCBuildConfiguration;
			baseConfigurationReference = E47870D81D93ADDBC656900F /* Pods-Medonapp iOS.debug.xcconfig */;
			buildSettings = {
				ASSETCATALOG_COMPILER_APPICON_NAME = AppIcon;
				ASSETCATALOG_COMPILER_GLOBAL_ACCENT_COLOR_NAME = AccentColor;
				CODE_SIGN_STYLE = Automatic;
				CURRENT_PROJECT_VERSION = 1;
				DEVELOPMENT_TEAM = 7ZK5WQMKAL;
				GENERATE_INFOPLIST_FILE = YES;
				INFOPLIST_FILE = "Medonapp iOS/Info.plist";
				INFOPLIST_KEY_UIApplicationSupportsIndirectInputEvents = YES;
				INFOPLIST_KEY_UILaunchStoryboardName = LaunchScreen;
				INFOPLIST_KEY_UIMainStoryboardFile = Main;
				INFOPLIST_KEY_UISupportedInterfaceOrientations = UIInterfaceOrientationPortrait;
				INFOPLIST_KEY_UISupportedInterfaceOrientations_iPad = "UIInterfaceOrientationPortrait UIInterfaceOrientationPortraitUpsideDown UIInterfaceOrientationLandscapeLeft UIInterfaceOrientationLandscapeRight";
				INFOPLIST_KEY_UISupportedInterfaceOrientations_iPhone = "UIInterfaceOrientationPortrait UIInterfaceOrientationLandscapeLeft UIInterfaceOrientationLandscapeRight";
				LD_RUNPATH_SEARCH_PATHS = (
					"$(inherited)",
					"@executable_path/Frameworks",
				);
				MARKETING_VERSION = 1.0;
				PRODUCT_BUNDLE_IDENTIFIER = "medonapp.Medonapp-iOS";
				PRODUCT_NAME = "$(TARGET_NAME)";
				SWIFT_EMIT_LOC_STRINGS = YES;
				SWIFT_VERSION = 5.0;
				TARGETED_DEVICE_FAMILY = "1,2";
			};
			name = Debug;
		};
		F8131B2628D5A0A000B7558D /* Release */ = {
			isa = XCBuildConfiguration;
			baseConfigurationReference = 2D67C0FA0307CC5CE71984A1 /* Pods-Medonapp iOS.release.xcconfig */;
			buildSettings = {
				ASSETCATALOG_COMPILER_APPICON_NAME = AppIcon;
				ASSETCATALOG_COMPILER_GLOBAL_ACCENT_COLOR_NAME = AccentColor;
				CODE_SIGN_STYLE = Automatic;
				CURRENT_PROJECT_VERSION = 1;
				DEVELOPMENT_TEAM = 7ZK5WQMKAL;
				GENERATE_INFOPLIST_FILE = YES;
				INFOPLIST_FILE = "Medonapp iOS/Info.plist";
				INFOPLIST_KEY_UIApplicationSupportsIndirectInputEvents = YES;
				INFOPLIST_KEY_UILaunchStoryboardName = LaunchScreen;
				INFOPLIST_KEY_UIMainStoryboardFile = Main;
				INFOPLIST_KEY_UISupportedInterfaceOrientations = UIInterfaceOrientationPortrait;
				INFOPLIST_KEY_UISupportedInterfaceOrientations_iPad = "UIInterfaceOrientationPortrait UIInterfaceOrientationPortraitUpsideDown UIInterfaceOrientationLandscapeLeft UIInterfaceOrientationLandscapeRight";
				INFOPLIST_KEY_UISupportedInterfaceOrientations_iPhone = "UIInterfaceOrientationPortrait UIInterfaceOrientationLandscapeLeft UIInterfaceOrientationLandscapeRight";
				LD_RUNPATH_SEARCH_PATHS = (
					"$(inherited)",
					"@executable_path/Frameworks",
				);
				MARKETING_VERSION = 1.0;
				PRODUCT_BUNDLE_IDENTIFIER = "medonapp.Medonapp-iOS";
				PRODUCT_NAME = "$(TARGET_NAME)";
				SWIFT_EMIT_LOC_STRINGS = YES;
				SWIFT_VERSION = 5.0;
				TARGETED_DEVICE_FAMILY = "1,2";
			};
			name = Release;
		};
/* End XCBuildConfiguration section */

/* Begin XCConfigurationList section */
		F8131B0B28D5A09F00B7558D /* Build configuration list for PBXProject "Medonapp iOS" */ = {
			isa = XCConfigurationList;
			buildConfigurations = (
				F8131B2228D5A0A000B7558D /* Debug */,
				F8131B2328D5A0A000B7558D /* Release */,
			);
			defaultConfigurationIsVisible = 0;
			defaultConfigurationName = Release;
		};
		F8131B2428D5A0A000B7558D /* Build configuration list for PBXNativeTarget "Medonapp iOS" */ = {
			isa = XCConfigurationList;
			buildConfigurations = (
				F8131B2528D5A0A000B7558D /* Debug */,
				F8131B2628D5A0A000B7558D /* Release */,
			);
			defaultConfigurationIsVisible = 0;
			defaultConfigurationName = Release;
		};
/* End XCConfigurationList section */

/* Begin XCRemoteSwiftPackageReference section */
		F81BAAE628F97DFE0080BD21 /* XCRemoteSwiftPackageReference "lottie-ios" */ = {
			isa = XCRemoteSwiftPackageReference;
			repositoryURL = "https://github.com/airbnb/lottie-ios.git";
			requirement = {
				kind = upToNextMajorVersion;
				minimumVersion = 3.0.0;
			};
		};
		F840513028FABCB10051B636 /* XCRemoteSwiftPackageReference "iOSDropDown" */ = {
			isa = XCRemoteSwiftPackageReference;
			repositoryURL = "https://github.com/jriosdev/iOSDropDown.git";
			requirement = {
				kind = upToNextMajorVersion;
				minimumVersion = 0.4.0;
			};
		};
		F86A71CB28EC9C4E0083D12D /* XCRemoteSwiftPackageReference "DPOTPView" */ = {
			isa = XCRemoteSwiftPackageReference;
			repositoryURL = "https://github.com/Datt1994/DPOTPView.git";
			requirement = {
				kind = upToNextMajorVersion;
				minimumVersion = 1.0.0;
			};
		};
/* End XCRemoteSwiftPackageReference section */

/* Begin XCSwiftPackageProductDependency section */
		F81BAAE728F97DFE0080BD21 /* Lottie */ = {
			isa = XCSwiftPackageProductDependency;
			package = F81BAAE628F97DFE0080BD21 /* XCRemoteSwiftPackageReference "lottie-ios" */;
			productName = Lottie;
		};
		F840513128FABCB10051B636 /* iOSDropDown */ = {
			isa = XCSwiftPackageProductDependency;
			package = F840513028FABCB10051B636 /* XCRemoteSwiftPackageReference "iOSDropDown" */;
			productName = iOSDropDown;
		};
		F86A71CC28EC9C4E0083D12D /* DPOTPView */ = {
			isa = XCSwiftPackageProductDependency;
			package = F86A71CB28EC9C4E0083D12D /* XCRemoteSwiftPackageReference "DPOTPView" */;
			productName = DPOTPView;
		};
/* End XCSwiftPackageProductDependency section */
	};
	rootObject = F8131B0828D5A09F00B7558D /* Project object */;
}
