// !$*UTF8*$!
{
	archiveVersion = 1;
	classes = {
	};
	objectVersion = 55;
	objects = {

/* Begin PBXBuildFile section */
		08F565BC217C9820C601B123 /* Pods_Medonapp_iOS.framework in Frameworks */ = {isa = PBXBuildFile; fileRef = F28C35CFE676567ACC6FCEAF /* Pods_Medonapp_iOS.framework */; };
		F8131B1428D5A09F00B7558D /* AppDelegate.swift in Sources */ = {isa = PBXBuildFile; fileRef = F8131B1328D5A09F00B7558D /* AppDelegate.swift */; };
		F8131B1628D5A09F00B7558D /* SceneDelegate.swift in Sources */ = {isa = PBXBuildFile; fileRef = F8131B1528D5A09F00B7558D /* SceneDelegate.swift */; };
		F8131B1828D5A09F00B7558D /* LandingPageView.swift in Sources */ = {isa = PBXBuildFile; fileRef = F8131B1728D5A09F00B7558D /* LandingPageView.swift */; };
		F8131B1B28D5A09F00B7558D /* Main.storyboard in Resources */ = {isa = PBXBuildFile; fileRef = F8131B1928D5A09F00B7558D /* Main.storyboard */; };
		F8131B1D28D5A0A000B7558D /* Assets.xcassets in Resources */ = {isa = PBXBuildFile; fileRef = F8131B1C28D5A0A000B7558D /* Assets.xcassets */; };
		F8131B2028D5A0A000B7558D /* LaunchScreen.storyboard in Resources */ = {isa = PBXBuildFile; fileRef = F8131B1E28D5A0A000B7558D /* LaunchScreen.storyboard */; };
		F83CBC4828D87352005BA1B8 /* LoginSignUpViewController.swift in Sources */ = {isa = PBXBuildFile; fileRef = F83CBC4728D87352005BA1B8 /* LoginSignUpViewController.swift */; };
		F83CBC4C28D88466005BA1B8 /* NunitoSans-Bold.ttf in Resources */ = {isa = PBXBuildFile; fileRef = F83CBC4A28D88466005BA1B8 /* NunitoSans-Bold.ttf */; };
		F83CBC4D28D88466005BA1B8 /* NunitoSans-ExtraBold.ttf in Resources */ = {isa = PBXBuildFile; fileRef = F83CBC4B28D88466005BA1B8 /* NunitoSans-ExtraBold.ttf */; };
/* End PBXBuildFile section */

/* Begin PBXFileReference section */
		2D67C0FA0307CC5CE71984A1 /* Pods-Medonapp iOS.release.xcconfig */ = {isa = PBXFileReference; includeInIndex = 1; lastKnownFileType = text.xcconfig; name = "Pods-Medonapp iOS.release.xcconfig"; path = "Target Support Files/Pods-Medonapp iOS/Pods-Medonapp iOS.release.xcconfig"; sourceTree = "<group>"; };
		E47870D81D93ADDBC656900F /* Pods-Medonapp iOS.debug.xcconfig */ = {isa = PBXFileReference; includeInIndex = 1; lastKnownFileType = text.xcconfig; name = "Pods-Medonapp iOS.debug.xcconfig"; path = "Target Support Files/Pods-Medonapp iOS/Pods-Medonapp iOS.debug.xcconfig"; sourceTree = "<group>"; };
		F28C35CFE676567ACC6FCEAF /* Pods_Medonapp_iOS.framework */ = {isa = PBXFileReference; explicitFileType = wrapper.framework; includeInIndex = 0; path = Pods_Medonapp_iOS.framework; sourceTree = BUILT_PRODUCTS_DIR; };
		F8131B1028D5A09F00B7558D /* Medonapp iOS.app */ = {isa = PBXFileReference; explicitFileType = wrapper.application; includeInIndex = 0; path = "Medonapp iOS.app"; sourceTree = BUILT_PRODUCTS_DIR; };
		F8131B1328D5A09F00B7558D /* AppDelegate.swift */ = {isa = PBXFileReference; lastKnownFileType = sourcecode.swift; path = AppDelegate.swift; sourceTree = "<group>"; };
		F8131B1528D5A09F00B7558D /* SceneDelegate.swift */ = {isa = PBXFileReference; lastKnownFileType = sourcecode.swift; path = SceneDelegate.swift; sourceTree = "<group>"; };
		F8131B1728D5A09F00B7558D /* LandingPageView.swift */ = {isa = PBXFileReference; lastKnownFileType = sourcecode.swift; path = LandingPageView.swift; sourceTree = "<group>"; };
		F8131B1A28D5A09F00B7558D /* Base */ = {isa = PBXFileReference; lastKnownFileType = file.storyboard; name = Base; path = Base.lproj/Main.storyboard; sourceTree = "<group>"; };
		F8131B1C28D5A0A000B7558D /* Assets.xcassets */ = {isa = PBXFileReference; lastKnownFileType = folder.assetcatalog; path = Assets.xcassets; sourceTree = "<group>"; };
		F8131B1F28D5A0A000B7558D /* Base */ = {isa = PBXFileReference; lastKnownFileType = file.storyboard; name = Base; path = Base.lproj/LaunchScreen.storyboard; sourceTree = "<group>"; };
		F8131B2128D5A0A000B7558D /* Info.plist */ = {isa = PBXFileReference; lastKnownFileType = text.plist.xml; path = Info.plist; sourceTree = "<group>"; };
		F83CBC4728D87352005BA1B8 /* LoginSignUpViewController.swift */ = {isa = PBXFileReference; lastKnownFileType = sourcecode.swift; path = LoginSignUpViewController.swift; sourceTree = "<group>"; };
		F83CBC4A28D88466005BA1B8 /* NunitoSans-Bold.ttf */ = {isa = PBXFileReference; lastKnownFileType = file; path = "NunitoSans-Bold.ttf"; sourceTree = "<group>"; };
		F83CBC4B28D88466005BA1B8 /* NunitoSans-ExtraBold.ttf */ = {isa = PBXFileReference; lastKnownFileType = file; path = "NunitoSans-ExtraBold.ttf"; sourceTree = "<group>"; };
/* End PBXFileReference section */

/* Begin PBXFrameworksBuildPhase section */
		F8131B0D28D5A09F00B7558D /* Frameworks */ = {
			isa = PBXFrameworksBuildPhase;
			buildActionMask = 2147483647;
			files = (
				08F565BC217C9820C601B123 /* Pods_Medonapp_iOS.framework in Frameworks */,
			);
			runOnlyForDeploymentPostprocessing = 0;
		};
/* End PBXFrameworksBuildPhase section */

/* Begin PBXGroup section */
		715EF0606B2F25A3E1918308 /* Frameworks */ = {
			isa = PBXGroup;
			children = (
				F28C35CFE676567ACC6FCEAF /* Pods_Medonapp_iOS.framework */,
			);
			name = Frameworks;
			sourceTree = "<group>";
		};
		F8131B0728D5A09F00B7558D = {
			isa = PBXGroup;
			children = (
				F8131B1228D5A09F00B7558D /* Medonapp iOS */,
				F8131B1128D5A09F00B7558D /* Products */,
				F982A52728DAF7636875B006 /* Pods */,
				715EF0606B2F25A3E1918308 /* Frameworks */,
			);
			sourceTree = "<group>";
		};
		F8131B1128D5A09F00B7558D /* Products */ = {
			isa = PBXGroup;
			children = (
				F8131B1028D5A09F00B7558D /* Medonapp iOS.app */,
			);
			name = Products;
			sourceTree = "<group>";
		};
		F8131B1228D5A09F00B7558D /* Medonapp iOS */ = {
			isa = PBXGroup;
			children = (
				F8131B2A28D5AAF700B7558D /* Network */,
				F8131B2928D5AACE00B7558D /* UIComponents */,
				F8131B2828D5AAC500B7558D /* ViewControllers */,
				F8131B2728D5AABE00B7558D /* Fonts */,
				F8131B1328D5A09F00B7558D /* AppDelegate.swift */,
				F8131B1528D5A09F00B7558D /* SceneDelegate.swift */,
				F8131B1728D5A09F00B7558D /* LandingPageView.swift */,
				F8131B1928D5A09F00B7558D /* Main.storyboard */,
				F8131B1C28D5A0A000B7558D /* Assets.xcassets */,
				F8131B1E28D5A0A000B7558D /* LaunchScreen.storyboard */,
				F8131B2128D5A0A000B7558D /* Info.plist */,
			);
			path = "Medonapp iOS";
			sourceTree = "<group>";
		};
		F8131B2728D5AABE00B7558D /* Fonts */ = {
			isa = PBXGroup;
			children = (
				F83CBC4A28D88466005BA1B8 /* NunitoSans-Bold.ttf */,
				F83CBC4B28D88466005BA1B8 /* NunitoSans-ExtraBold.ttf */,
			);
			path = Fonts;
			sourceTree = "<group>";
		};
		F8131B2828D5AAC500B7558D /* ViewControllers */ = {
			isa = PBXGroup;
			children = (
				F83CBC4728D87352005BA1B8 /* LoginSignUpViewController.swift */,
			);
			path = ViewControllers;
			sourceTree = "<group>";
		};
		F8131B2928D5AACE00B7558D /* UIComponents */ = {
			isa = PBXGroup;
			children = (
			);
			path = UIComponents;
			sourceTree = "<group>";
		};
		F8131B2A28D5AAF700B7558D /* Network */ = {
			isa = PBXGroup;
			children = (
			);
			path = Network;
			sourceTree = "<group>";
		};
		F982A52728DAF7636875B006 /* Pods */ = {
			isa = PBXGroup;
			children = (
				E47870D81D93ADDBC656900F /* Pods-Medonapp iOS.debug.xcconfig */,
				2D67C0FA0307CC5CE71984A1 /* Pods-Medonapp iOS.release.xcconfig */,
			);
			name = Pods;
			path = Pods;
			sourceTree = "<group>";
		};
/* End PBXGroup section */

/* Begin PBXNativeTarget section */
		F8131B0F28D5A09F00B7558D /* Medonapp iOS */ = {
			isa = PBXNativeTarget;
			buildConfigurationList = F8131B2428D5A0A000B7558D /* Build configuration list for PBXNativeTarget "Medonapp iOS" */;
			buildPhases = (
				12DEC2BB5240995B4C181143 /* [CP] Check Pods Manifest.lock */,
				F8131B0C28D5A09F00B7558D /* Sources */,
				F8131B0D28D5A09F00B7558D /* Frameworks */,
				F8131B0E28D5A09F00B7558D /* Resources */,
				E16F361A4D9A843533F6F50F /* [CP] Embed Pods Frameworks */,
			);
			buildRules = (
			);
			dependencies = (
			);
			name = "Medonapp iOS";
			productName = "Medonapp iOS";
			productReference = F8131B1028D5A09F00B7558D /* Medonapp iOS.app */;
			productType = "com.apple.product-type.application";
		};
/* End PBXNativeTarget section */

/* Begin PBXProject section */
		F8131B0828D5A09F00B7558D /* Project object */ = {
			isa = PBXProject;
			attributes = {
				BuildIndependentTargetsInParallel = 1;
				LastSwiftUpdateCheck = 1340;
				LastUpgradeCheck = 1340;
				TargetAttributes = {
					F8131B0F28D5A09F00B7558D = {
						CreatedOnToolsVersion = 13.4.1;
					};
				};
			};
			buildConfigurationList = F8131B0B28D5A09F00B7558D /* Build configuration list for PBXProject "Medonapp iOS" */;
			compatibilityVersion = "Xcode 13.0";
			developmentRegion = en;
			hasScannedForEncodings = 0;
			knownRegions = (
				en,
				Base,
			);
			mainGroup = F8131B0728D5A09F00B7558D;
			productRefGroup = F8131B1128D5A09F00B7558D /* Products */;
			projectDirPath = "";
			projectRoot = "";
			targets = (
				F8131B0F28D5A09F00B7558D /* Medonapp iOS */,
			);
		};
/* End PBXProject section */

/* Begin PBXResourcesBuildPhase section */
		F8131B0E28D5A09F00B7558D /* Resources */ = {
			isa = PBXResourcesBuildPhase;
			buildActionMask = 2147483647;
			files = (
				F83CBC4D28D88466005BA1B8 /* NunitoSans-ExtraBold.ttf in Resources */,
				F8131B2028D5A0A000B7558D /* LaunchScreen.storyboard in Resources */,
				F8131B1D28D5A0A000B7558D /* Assets.xcassets in Resources */,
				F8131B1B28D5A09F00B7558D /* Main.storyboard in Resources */,
				F83CBC4C28D88466005BA1B8 /* NunitoSans-Bold.ttf in Resources */,
			);
			runOnlyForDeploymentPostprocessing = 0;
		};
/* End PBXResourcesBuildPhase section */

/* Begin PBXShellScriptBuildPhase section */
		12DEC2BB5240995B4C181143 /* [CP] Check Pods Manifest.lock */ = {
			isa = PBXShellScriptBuildPhase;
			buildActionMask = 2147483647;
			files = (
			);
			inputFileListPaths = (
			);
			inputPaths = (
				"${PODS_PODFILE_DIR_PATH}/Podfile.lock",
				"${PODS_ROOT}/Manifest.lock",
			);
			name = "[CP] Check Pods Manifest.lock";
			outputFileListPaths = (
			);
			outputPaths = (
				"$(DERIVED_FILE_DIR)/Pods-Medonapp iOS-checkManifestLockResult.txt",
			);
			runOnlyForDeploymentPostprocessing = 0;
			shellPath = /bin/sh;
			shellScript = "diff \"${PODS_PODFILE_DIR_PATH}/Podfile.lock\" \"${PODS_ROOT}/Manifest.lock\" > /dev/null\nif [ $? != 0 ] ; then\n    # print error to STDERR\n    echo \"error: The sandbox is not in sync with the Podfile.lock. Run 'pod install' or update your CocoaPods installation.\" >&2\n    exit 1\nfi\n# This output is used by Xcode 'outputs' to avoid re-running this script phase.\necho \"SUCCESS\" > \"${SCRIPT_OUTPUT_FILE_0}\"\n";
			showEnvVarsInLog = 0;
		};
		E16F361A4D9A843533F6F50F /* [CP] Embed Pods Frameworks */ = {
			isa = PBXShellScriptBuildPhase;
			buildActionMask = 2147483647;
			files = (
			);
			inputFileListPaths = (
				"${PODS_ROOT}/Target Support Files/Pods-Medonapp iOS/Pods-Medonapp iOS-frameworks-${CONFIGURATION}-input-files.xcfilelist",
			);
			name = "[CP] Embed Pods Frameworks";
			outputFileListPaths = (
				"${PODS_ROOT}/Target Support Files/Pods-Medonapp iOS/Pods-Medonapp iOS-frameworks-${CONFIGURATION}-output-files.xcfilelist",
			);
			runOnlyForDeploymentPostprocessing = 0;
			shellPath = /bin/sh;
			shellScript = "\"${PODS_ROOT}/Target Support Files/Pods-Medonapp iOS/Pods-Medonapp iOS-frameworks.sh\"\n";
			showEnvVarsInLog = 0;
		};
/* End PBXShellScriptBuildPhase section */

/* Begin PBXSourcesBuildPhase section */
		F8131B0C28D5A09F00B7558D /* Sources */ = {
			isa = PBXSourcesBuildPhase;
			buildActionMask = 2147483647;
			files = (
				F83CBC4828D87352005BA1B8 /* LoginSignUpViewController.swift in Sources */,
				F8131B1828D5A09F00B7558D /* LandingPageView.swift in Sources */,
				F8131B1428D5A09F00B7558D /* AppDelegate.swift in Sources */,
				F8131B1628D5A09F00B7558D /* SceneDelegate.swift in Sources */,
			);
			runOnlyForDeploymentPostprocessing = 0;
		};
/* End PBXSourcesBuildPhase section */

/* Begin PBXVariantGroup section */
		F8131B1928D5A09F00B7558D /* Main.storyboard */ = {
			isa = PBXVariantGroup;
			children = (
				F8131B1A28D5A09F00B7558D /* Base */,
			);
			name = Main.storyboard;
			sourceTree = "<group>";
		};
		F8131B1E28D5A0A000B7558D /* LaunchScreen.storyboard */ = {
			isa = PBXVariantGroup;
			children = (
				F8131B1F28D5A0A000B7558D /* Base */,
			);
			name = LaunchScreen.storyboard;
			sourceTree = "<group>";
		};
/* End PBXVariantGroup section */

/* Begin XCBuildConfiguration section */
		F8131B2228D5A0A000B7558D /* Debug */ = {
			isa = XCBuildConfiguration;
			buildSettings = {
				ALWAYS_SEARCH_USER_PATHS = NO;
				CLANG_ANALYZER_NONNULL = YES;
				CLANG_ANALYZER_NUMBER_OBJECT_CONVERSION = YES_AGGRESSIVE;
				CLANG_CXX_LANGUAGE_STANDARD = "gnu++17";
				CLANG_ENABLE_MODULES = YES;
				CLANG_ENABLE_OBJC_ARC = YES;
				CLANG_ENABLE_OBJC_WEAK = YES;
				CLANG_WARN_BLOCK_CAPTURE_AUTORELEASING = YES;
				CLANG_WARN_BOOL_CONVERSION = YES;
				CLANG_WARN_COMMA = YES;
				CLANG_WARN_CONSTANT_CONVERSION = YES;
				CLANG_WARN_DEPRECATED_OBJC_IMPLEMENTATIONS = YES;
				CLANG_WARN_DIRECT_OBJC_ISA_USAGE = YES_ERROR;
				CLANG_WARN_DOCUMENTATION_COMMENTS = YES;
				CLANG_WARN_EMPTY_BODY = YES;
				CLANG_WARN_ENUM_CONVERSION = YES;
				CLANG_WARN_INFINITE_RECURSION = YES;
				CLANG_WARN_INT_CONVERSION = YES;
				CLANG_WARN_NON_LITERAL_NULL_CONVERSION = YES;
				CLANG_WARN_OBJC_IMPLICIT_RETAIN_SELF = YES;
				CLANG_WARN_OBJC_LITERAL_CONVERSION = YES;
				CLANG_WARN_OBJC_ROOT_CLASS = YES_ERROR;
				CLANG_WARN_QUOTED_INCLUDE_IN_FRAMEWORK_HEADER = YES;
				CLANG_WARN_RANGE_LOOP_ANALYSIS = YES;
				CLANG_WARN_STRICT_PROTOTYPES = YES;
				CLANG_WARN_SUSPICIOUS_MOVE = YES;
				CLANG_WARN_UNGUARDED_AVAILABILITY = YES_AGGRESSIVE;
				CLANG_WARN_UNREACHABLE_CODE = YES;
				CLANG_WARN__DUPLICATE_METHOD_MATCH = YES;
				COPY_PHASE_STRIP = NO;
				DEBUG_INFORMATION_FORMAT = dwarf;
				ENABLE_STRICT_OBJC_MSGSEND = YES;
				ENABLE_TESTABILITY = YES;
				GCC_C_LANGUAGE_STANDARD = gnu11;
				GCC_DYNAMIC_NO_PIC = NO;
				GCC_NO_COMMON_BLOCKS = YES;
				GCC_OPTIMIZATION_LEVEL = 0;
				GCC_PREPROCESSOR_DEFINITIONS = (
					"DEBUG=1",
					"$(inherited)",
				);
				GCC_WARN_64_TO_32_BIT_CONVERSION = YES;
				GCC_WARN_ABOUT_RETURN_TYPE = YES_ERROR;
				GCC_WARN_UNDECLARED_SELECTOR = YES;
				GCC_WARN_UNINITIALIZED_AUTOS = YES_AGGRESSIVE;
				GCC_WARN_UNUSED_FUNCTION = YES;
				GCC_WARN_UNUSED_VARIABLE = YES;
				IPHONEOS_DEPLOYMENT_TARGET = 15.5;
				MTL_ENABLE_DEBUG_INFO = INCLUDE_SOURCE;
				MTL_FAST_MATH = YES;
				ONLY_ACTIVE_ARCH = YES;
				SDKROOT = iphoneos;
				SWIFT_ACTIVE_COMPILATION_CONDITIONS = DEBUG;
				SWIFT_OPTIMIZATION_LEVEL = "-Onone";
			};
			name = Debug;
		};
		F8131B2328D5A0A000B7558D /* Release */ = {
			isa = XCBuildConfiguration;
			buildSettings = {
				ALWAYS_SEARCH_USER_PATHS = NO;
				CLANG_ANALYZER_NONNULL = YES;
				CLANG_ANALYZER_NUMBER_OBJECT_CONVERSION = YES_AGGRESSIVE;
				CLANG_CXX_LANGUAGE_STANDARD = "gnu++17";
				CLANG_ENABLE_MODULES = YES;
				CLANG_ENABLE_OBJC_ARC = YES;
				CLANG_ENABLE_OBJC_WEAK = YES;
				CLANG_WARN_BLOCK_CAPTURE_AUTORELEASING = YES;
				CLANG_WARN_BOOL_CONVERSION = YES;
				CLANG_WARN_COMMA = YES;
				CLANG_WARN_CONSTANT_CONVERSION = YES;
				CLANG_WARN_DEPRECATED_OBJC_IMPLEMENTATIONS = YES;
				CLANG_WARN_DIRECT_OBJC_ISA_USAGE = YES_ERROR;
				CLANG_WARN_DOCUMENTATION_COMMENTS = YES;
				CLANG_WARN_EMPTY_BODY = YES;
				CLANG_WARN_ENUM_CONVERSION = YES;
				CLANG_WARN_INFINITE_RECURSION = YES;
				CLANG_WARN_INT_CONVERSION = YES;
				CLANG_WARN_NON_LITERAL_NULL_CONVERSION = YES;
				CLANG_WARN_OBJC_IMPLICIT_RETAIN_SELF = YES;
				CLANG_WARN_OBJC_LITERAL_CONVERSION = YES;
				CLANG_WARN_OBJC_ROOT_CLASS = YES_ERROR;
				CLANG_WARN_QUOTED_INCLUDE_IN_FRAMEWORK_HEADER = YES;
				CLANG_WARN_RANGE_LOOP_ANALYSIS = YES;
				CLANG_WARN_STRICT_PROTOTYPES = YES;
				CLANG_WARN_SUSPICIOUS_MOVE = YES;
				CLANG_WARN_UNGUARDED_AVAILABILITY = YES_AGGRESSIVE;
				CLANG_WARN_UNREACHABLE_CODE = YES;
				CLANG_WARN__DUPLICATE_METHOD_MATCH = YES;
				COPY_PHASE_STRIP = NO;
				DEBUG_INFORMATION_FORMAT = "dwarf-with-dsym";
				ENABLE_NS_ASSERTIONS = NO;
				ENABLE_STRICT_OBJC_MSGSEND = YES;
				GCC_C_LANGUAGE_STANDARD = gnu11;
				GCC_NO_COMMON_BLOCKS = YES;
				GCC_WARN_64_TO_32_BIT_CONVERSION = YES;
				GCC_WARN_ABOUT_RETURN_TYPE = YES_ERROR;
				GCC_WARN_UNDECLARED_SELECTOR = YES;
				GCC_WARN_UNINITIALIZED_AUTOS = YES_AGGRESSIVE;
				GCC_WARN_UNUSED_FUNCTION = YES;
				GCC_WARN_UNUSED_VARIABLE = YES;
				IPHONEOS_DEPLOYMENT_TARGET = 15.5;
				MTL_ENABLE_DEBUG_INFO = NO;
				MTL_FAST_MATH = YES;
				SDKROOT = iphoneos;
				SWIFT_COMPILATION_MODE = wholemodule;
				SWIFT_OPTIMIZATION_LEVEL = "-O";
				VALIDATE_PRODUCT = YES;
			};
			name = Release;
		};
		F8131B2528D5A0A000B7558D /* Debug */ = {
			isa = XCBuildConfiguration;
			baseConfigurationReference = E47870D81D93ADDBC656900F /* Pods-Medonapp iOS.debug.xcconfig */;
			buildSettings = {
				ASSETCATALOG_COMPILER_APPICON_NAME = AppIcon;
				ASSETCATALOG_COMPILER_GLOBAL_ACCENT_COLOR_NAME = AccentColor;
				CODE_SIGN_STYLE = Automatic;
				CURRENT_PROJECT_VERSION = 1;
				DEVELOPMENT_TEAM = 7ZK5WQMKAL;
				GENERATE_INFOPLIST_FILE = YES;
				INFOPLIST_FILE = "Medonapp iOS/Info.plist";
				INFOPLIST_KEY_UIApplicationSupportsIndirectInputEvents = YES;
				INFOPLIST_KEY_UILaunchStoryboardName = LaunchScreen;
				INFOPLIST_KEY_UIMainStoryboardFile = Main;
				INFOPLIST_KEY_UISupportedInterfaceOrientations = UIInterfaceOrientationPortrait;
				INFOPLIST_KEY_UISupportedInterfaceOrientations_iPad = "UIInterfaceOrientationPortrait UIInterfaceOrientationPortraitUpsideDown UIInterfaceOrientationLandscapeLeft UIInterfaceOrientationLandscapeRight";
				INFOPLIST_KEY_UISupportedInterfaceOrientations_iPhone = "UIInterfaceOrientationPortrait UIInterfaceOrientationLandscapeLeft UIInterfaceOrientationLandscapeRight";
				LD_RUNPATH_SEARCH_PATHS = (
					"$(inherited)",
					"@executable_path/Frameworks",
				);
				MARKETING_VERSION = 1.0;
				PRODUCT_BUNDLE_IDENTIFIER = "medonapp.Medonapp-iOS";
				PRODUCT_NAME = "$(TARGET_NAME)";
				SWIFT_EMIT_LOC_STRINGS = YES;
				SWIFT_VERSION = 5.0;
				TARGETED_DEVICE_FAMILY = "1,2";
			};
			name = Debug;
		};
		F8131B2628D5A0A000B7558D /* Release */ = {
			isa = XCBuildConfiguration;
			baseConfigurationReference = 2D67C0FA0307CC5CE71984A1 /* Pods-Medonapp iOS.release.xcconfig */;
			buildSettings = {
				ASSETCATALOG_COMPILER_APPICON_NAME = AppIcon;
				ASSETCATALOG_COMPILER_GLOBAL_ACCENT_COLOR_NAME = AccentColor;
				CODE_SIGN_STYLE = Automatic;
				CURRENT_PROJECT_VERSION = 1;
				DEVELOPMENT_TEAM = 7ZK5WQMKAL;
				GENERATE_INFOPLIST_FILE = YES;
				INFOPLIST_FILE = "Medonapp iOS/Info.plist";
				INFOPLIST_KEY_UIApplicationSupportsIndirectInputEvents = YES;
				INFOPLIST_KEY_UILaunchStoryboardName = LaunchScreen;
				INFOPLIST_KEY_UIMainStoryboardFile = Main;
				INFOPLIST_KEY_UISupportedInterfaceOrientations = UIInterfaceOrientationPortrait;
				INFOPLIST_KEY_UISupportedInterfaceOrientations_iPad = "UIInterfaceOrientationPortrait UIInterfaceOrientationPortraitUpsideDown UIInterfaceOrientationLandscapeLeft UIInterfaceOrientationLandscapeRight";
				INFOPLIST_KEY_UISupportedInterfaceOrientations_iPhone = "UIInterfaceOrientationPortrait UIInterfaceOrientationLandscapeLeft UIInterfaceOrientationLandscapeRight";
				LD_RUNPATH_SEARCH_PATHS = (
					"$(inherited)",
					"@executable_path/Frameworks",
				);
				MARKETING_VERSION = 1.0;
				PRODUCT_BUNDLE_IDENTIFIER = "medonapp.Medonapp-iOS";
				PRODUCT_NAME = "$(TARGET_NAME)";
				SWIFT_EMIT_LOC_STRINGS = YES;
				SWIFT_VERSION = 5.0;
				TARGETED_DEVICE_FAMILY = "1,2";
			};
			name = Release;
		};
/* End XCBuildConfiguration section */

/* Begin XCConfigurationList section */
		F8131B0B28D5A09F00B7558D /* Build configuration list for PBXProject "Medonapp iOS" */ = {
			isa = XCConfigurationList;
			buildConfigurations = (
				F8131B2228D5A0A000B7558D /* Debug */,
				F8131B2328D5A0A000B7558D /* Release */,
			);
			defaultConfigurationIsVisible = 0;
			defaultConfigurationName = Release;
		};
		F8131B2428D5A0A000B7558D /* Build configuration list for PBXNativeTarget "Medonapp iOS" */ = {
			isa = XCConfigurationList;
			buildConfigurations = (
				F8131B2528D5A0A000B7558D /* Debug */,
				F8131B2628D5A0A000B7558D /* Release */,
			);
			defaultConfigurationIsVisible = 0;
			defaultConfigurationName = Release;
		};
/* End XCConfigurationList section */
	};
	rootObject = F8131B0828D5A09F00B7558D /* Project object */;
}
